
Microsoft Visual Studio Solution File, Format Version 12.00
# Visual Studio 15
VisualStudioVersion = 15.0.26124.0
MinimumVisualStudioVersion = 15.0.26124.0
Project("{FAE04EC0-301F-11D3-BF4B-00C04F79EFBC}") = "Core", "Core\Core.csproj", "{B3731FD1-4C5B-4514-9CA1-305CE2DA1FAA}"
EndProject
Project("{FAE04EC0-301F-11D3-BF4B-00C04F79EFBC}") = "API", "API\API.csproj", "{3917A833-0D5D-42EB-BC71-4ECE670B3E23}"
EndProject
Project("{FAE04EC0-301F-11D3-BF4B-00C04F79EFBC}") = "Server", "Server\Server.csproj", "{BC62561C-BBE8-40D7-88E6-474723D35A00}"
EndProject
Project("{FAE04EC0-301F-11D3-BF4B-00C04F79EFBC}") = "Core.Tests", "Core.Tests\Core.Tests.csproj", "{91EA1544-0FD7-4D29-BB62-4686E17A86B2}"
EndProject
Project("{FAE04EC0-301F-11D3-BF4B-00C04F79EFBC}") = "API.Tests", "API.Tests\API.Tests.csproj", "{471DDD16-598F-4B6B-9C7B-0F380BA853F8}"
EndProject
Global
	GlobalSection(SolutionConfigurationPlatforms) = preSolution
		Debug|Any CPU = Debug|Any CPU
		Debug|x64 = Debug|x64
		Debug|x86 = Debug|x86
		Release|Any CPU = Release|Any CPU
		Release|x64 = Release|x64
		Release|x86 = Release|x86
	EndGlobalSection
	GlobalSection(SolutionProperties) = preSolution
		HideSolutionNode = FALSE
	EndGlobalSection
	GlobalSection(ProjectConfigurationPlatforms) = postSolution
		{B3731FD1-4C5B-4514-9CA1-305CE2DA1FAA}.Debug|Any CPU.ActiveCfg = Debug|Any CPU
		{B3731FD1-4C5B-4514-9CA1-305CE2DA1FAA}.Debug|Any CPU.Build.0 = Debug|Any CPU
		{B3731FD1-4C5B-4514-9CA1-305CE2DA1FAA}.Debug|x64.ActiveCfg = Debug|Any CPU
		{B3731FD1-4C5B-4514-9CA1-305CE2DA1FAA}.Debug|x64.Build.0 = Debug|Any CPU
		{B3731FD1-4C5B-4514-9CA1-305CE2DA1FAA}.Debug|x86.ActiveCfg = Debug|Any CPU
		{B3731FD1-4C5B-4514-9CA1-305CE2DA1FAA}.Debug|x86.Build.0 = Debug|Any CPU
		{B3731FD1-4C5B-4514-9CA1-305CE2DA1FAA}.Release|Any CPU.ActiveCfg = Release|Any CPU
		{B3731FD1-4C5B-4514-9CA1-305CE2DA1FAA}.Release|Any CPU.Build.0 = Release|Any CPU
		{B3731FD1-4C5B-4514-9CA1-305CE2DA1FAA}.Release|x64.ActiveCfg = Release|Any CPU
		{B3731FD1-4C5B-4514-9CA1-305CE2DA1FAA}.Release|x64.Build.0 = Release|Any CPU
		{B3731FD1-4C5B-4514-9CA1-305CE2DA1FAA}.Release|x86.ActiveCfg = Release|Any CPU
		{B3731FD1-4C5B-4514-9CA1-305CE2DA1FAA}.Release|x86.Build.0 = Release|Any CPU
		{3917A833-0D5D-42EB-BC71-4ECE670B3E23}.Debug|Any CPU.ActiveCfg = Debug|Any CPU
		{3917A833-0D5D-42EB-BC71-4ECE670B3E23}.Debug|Any CPU.Build.0 = Debug|Any CPU
		{3917A833-0D5D-42EB-BC71-4ECE670B3E23}.Debug|x64.ActiveCfg = Debug|Any CPU
		{3917A833-0D5D-42EB-BC71-4ECE670B3E23}.Debug|x64.Build.0 = Debug|Any CPU
		{3917A833-0D5D-42EB-BC71-4ECE670B3E23}.Debug|x86.ActiveCfg = Debug|Any CPU
		{3917A833-0D5D-42EB-BC71-4ECE670B3E23}.Debug|x86.Build.0 = Debug|Any CPU
		{3917A833-0D5D-42EB-BC71-4ECE670B3E23}.Release|Any CPU.ActiveCfg = Release|Any CPU
		{3917A833-0D5D-42EB-BC71-4ECE670B3E23}.Release|Any CPU.Build.0 = Release|Any CPU
		{3917A833-0D5D-42EB-BC71-4ECE670B3E23}.Release|x64.ActiveCfg = Release|Any CPU
		{3917A833-0D5D-42EB-BC71-4ECE670B3E23}.Release|x64.Build.0 = Release|Any CPU
		{3917A833-0D5D-42EB-BC71-4ECE670B3E23}.Release|x86.ActiveCfg = Release|Any CPU
		{3917A833-0D5D-42EB-BC71-4ECE670B3E23}.Release|x86.Build.0 = Release|Any CPU
		{BC62561C-BBE8-40D7-88E6-474723D35A00}.Debug|Any CPU.ActiveCfg = Debug|Any CPU
		{BC62561C-BBE8-40D7-88E6-474723D35A00}.Debug|Any CPU.Build.0 = Debug|Any CPU
		{BC62561C-BBE8-40D7-88E6-474723D35A00}.Debug|x64.ActiveCfg = Debug|Any CPU
		{BC62561C-BBE8-40D7-88E6-474723D35A00}.Debug|x64.Build.0 = Debug|Any CPU
		{BC62561C-BBE8-40D7-88E6-474723D35A00}.Debug|x86.ActiveCfg = Debug|Any CPU
		{BC62561C-BBE8-40D7-88E6-474723D35A00}.Debug|x86.Build.0 = Debug|Any CPU
		{BC62561C-BBE8-40D7-88E6-474723D35A00}.Release|Any CPU.ActiveCfg = Release|Any CPU
		{BC62561C-BBE8-40D7-88E6-474723D35A00}.Release|Any CPU.Build.0 = Release|Any CPU
		{BC62561C-BBE8-40D7-88E6-474723D35A00}.Release|x64.ActiveCfg = Release|Any CPU
		{BC62561C-BBE8-40D7-88E6-474723D35A00}.Release|x64.Build.0 = Release|Any CPU
		{BC62561C-BBE8-40D7-88E6-474723D35A00}.Release|x86.ActiveCfg = Release|Any CPU
		{BC62561C-BBE8-40D7-88E6-474723D35A00}.Release|x86.Build.0 = Release|Any CPU
		{91EA1544-0FD7-4D29-BB62-4686E17A86B2}.Debug|Any CPU.ActiveCfg = Debug|Any CPU
		{91EA1544-0FD7-4D29-BB62-4686E17A86B2}.Debug|Any CPU.Build.0 = Debug|Any CPU
		{91EA1544-0FD7-4D29-BB62-4686E17A86B2}.Debug|x64.ActiveCfg = Debug|Any CPU
		{91EA1544-0FD7-4D29-BB62-4686E17A86B2}.Debug|x64.Build.0 = Debug|Any CPU
		{91EA1544-0FD7-4D29-BB62-4686E17A86B2}.Debug|x86.ActiveCfg = Debug|Any CPU
		{91EA1544-0FD7-4D29-BB62-4686E17A86B2}.Debug|x86.Build.0 = Debug|Any CPU
		{91EA1544-0FD7-4D29-BB62-4686E17A86B2}.Release|Any CPU.ActiveCfg = Release|Any CPU
		{91EA1544-0FD7-4D29-BB62-4686E17A86B2}.Release|Any CPU.Build.0 = Release|Any CPU
		{91EA1544-0FD7-4D29-BB62-4686E17A86B2}.Release|x64.ActiveCfg = Release|Any CPU
		{91EA1544-0FD7-4D29-BB62-4686E17A86B2}.Release|x64.Build.0 = Release|Any CPU
		{91EA1544-0FD7-4D29-BB62-4686E17A86B2}.Release|x86.ActiveCfg = Release|Any CPU
		{91EA1544-0FD7-4D29-BB62-4686E17A86B2}.Release|x86.Build.0 = Release|Any CPU
		{471DDD16-598F-4B6B-9C7B-0F380BA853F8}.Debug|Any CPU.ActiveCfg = Debug|Any CPU
		{471DDD16-598F-4B6B-9C7B-0F380BA853F8}.Debug|Any CPU.Build.0 = Debug|Any CPU
		{471DDD16-598F-4B6B-9C7B-0F380BA853F8}.Debug|x64.ActiveCfg = Debug|Any CPU
		{471DDD16-598F-4B6B-9C7B-0F380BA853F8}.Debug|x64.Build.0 = Debug|Any CPU
		{471DDD16-598F-4B6B-9C7B-0F380BA853F8}.Debug|x86.ActiveCfg = Debug|Any CPU
		{471DDD16-598F-4B6B-9C7B-0F380BA853F8}.Debug|x86.Build.0 = Debug|Any CPU
		{471DDD16-598F-4B6B-9C7B-0F380BA853F8}.Release|Any CPU.ActiveCfg = Release|Any CPU
		{471DDD16-598F-4B6B-9C7B-0F380BA853F8}.Release|Any CPU.Build.0 = Release|Any CPU
		{471DDD16-598F-4B6B-9C7B-0F380BA853F8}.Release|x64.ActiveCfg = Release|Any CPU
		{471DDD16-598F-4B6B-9C7B-0F380BA853F8}.Release|x64.Build.0 = Release|Any CPU
		{471DDD16-598F-4B6B-9C7B-0F380BA853F8}.Release|x86.ActiveCfg = Release|Any CPU
		{471DDD16-598F-4B6B-9C7B-0F380BA853F8}.Release|x86.Build.0 = Release|Any CPU
	EndGlobalSection
EndGlobal
